// !$*UTF8*$!
{
	archiveVersion = 1;
	classes = {
	};
	objectVersion = 56;
	objects = {

/* Begin PBXBuildFile section */
		891DCE5129840D08003EC173 /* Animation_SwiftUIApp.swift in Sources */ = {isa = PBXBuildFile; fileRef = 891DCE5029840D08003EC173 /* Animation_SwiftUIApp.swift */; };
		891DCE5329840D08003EC173 /* ContentView.swift in Sources */ = {isa = PBXBuildFile; fileRef = 891DCE5229840D08003EC173 /* ContentView.swift */; };
		891DCE5529840D08003EC173 /* Assets.xcassets in Resources */ = {isa = PBXBuildFile; fileRef = 891DCE5429840D08003EC173 /* Assets.xcassets */; };
		891DCE5829840D08003EC173 /* Preview Assets.xcassets in Resources */ = {isa = PBXBuildFile; fileRef = 891DCE5729840D08003EC173 /* Preview Assets.xcassets */; };
		891DCE6129841221003EC173 /* MainView.swift in Sources */ = {isa = PBXBuildFile; fileRef = 891DCE6029841221003EC173 /* MainView.swift */; };
		891DCE632985991B003EC173 /* CartRacingView.swift in Sources */ = {isa = PBXBuildFile; fileRef = 891DCE622985991B003EC173 /* CartRacingView.swift */; };
		891DCE652985993A003EC173 /* AwardsView.swift in Sources */ = {isa = PBXBuildFile; fileRef = 891DCE642985993A003EC173 /* AwardsView.swift */; };
		891DCE6729859974003EC173 /* GradientRectangles.swift in Sources */ = {isa = PBXBuildFile; fileRef = 891DCE6629859974003EC173 /* GradientRectangles.swift */; };
		891DCE692985998E003EC173 /* PathView.swift in Sources */ = {isa = PBXBuildFile; fileRef = 891DCE682985998E003EC173 /* PathView.swift */; };
		891DCE6B298599B3003EC173 /* CurvesView.swift in Sources */ = {isa = PBXBuildFile; fileRef = 891DCE6A298599B3003EC173 /* CurvesView.swift */; };
		893D75382985D69B00B1EC17 /* SwiftView.swift in Sources */ = {isa = PBXBuildFile; fileRef = 893D75372985D69B00B1EC17 /* SwiftView.swift */; };
/* End PBXBuildFile section */

/* Begin PBXFileReference section */
		891DCE4D29840D08003EC173 /* Animation_SwiftUI.app */ = {isa = PBXFileReference; explicitFileType = wrapper.application; includeInIndex = 0; path = Animation_SwiftUI.app; sourceTree = BUILT_PRODUCTS_DIR; };
		891DCE5029840D08003EC173 /* Animation_SwiftUIApp.swift */ = {isa = PBXFileReference; lastKnownFileType = sourcecode.swift; path = Animation_SwiftUIApp.swift; sourceTree = "<group>"; };
		891DCE5229840D08003EC173 /* ContentView.swift */ = {isa = PBXFileReference; lastKnownFileType = sourcecode.swift; path = ContentView.swift; sourceTree = "<group>"; };
		891DCE5429840D08003EC173 /* Assets.xcassets */ = {isa = PBXFileReference; lastKnownFileType = folder.assetcatalog; path = Assets.xcassets; sourceTree = "<group>"; };
		891DCE5729840D08003EC173 /* Preview Assets.xcassets */ = {isa = PBXFileReference; lastKnownFileType = folder.assetcatalog; path = "Preview Assets.xcassets"; sourceTree = "<group>"; };
		891DCE6029841221003EC173 /* MainView.swift */ = {isa = PBXFileReference; lastKnownFileType = sourcecode.swift; path = MainView.swift; sourceTree = "<group>"; };
		891DCE622985991B003EC173 /* CartRacingView.swift */ = {isa = PBXFileReference; lastKnownFileType = sourcecode.swift; path = CartRacingView.swift; sourceTree = "<group>"; };
		891DCE642985993A003EC173 /* AwardsView.swift */ = {isa = PBXFileReference; lastKnownFileType = sourcecode.swift; path = AwardsView.swift; sourceTree = "<group>"; };
		891DCE6629859974003EC173 /* GradientRectangles.swift */ = {isa = PBXFileReference; lastKnownFileType = sourcecode.swift; path = GradientRectangles.swift; sourceTree = "<group>"; };
		891DCE682985998E003EC173 /* PathView.swift */ = {isa = PBXFileReference; lastKnownFileType = sourcecode.swift; path = PathView.swift; sourceTree = "<group>"; };
		891DCE6A298599B3003EC173 /* CurvesView.swift */ = {isa = PBXFileReference; lastKnownFileType = sourcecode.swift; path = CurvesView.swift; sourceTree = "<group>"; };
		893D75372985D69B00B1EC17 /* SwiftView.swift */ = {isa = PBXFileReference; lastKnownFileType = sourcecode.swift; path = SwiftView.swift; sourceTree = "<group>"; };
/* End PBXFileReference section */

/* Begin PBXFrameworksBuildPhase section */
		891DCE4A29840D08003EC173 /* Frameworks */ = {
			isa = PBXFrameworksBuildPhase;
			buildActionMask = 2147483647;
			files = (
			);
			runOnlyForDeploymentPostprocessing = 0;
		};
/* End PBXFrameworksBuildPhase section */

/* Begin PBXGroup section */
		891DCE4429840D08003EC173 = {
			isa = PBXGroup;
			children = (
				891DCE4F29840D08003EC173 /* Animation_SwiftUI */,
				891DCE4E29840D08003EC173 /* Products */,
			);
			sourceTree = "<group>";
		};
		891DCE4E29840D08003EC173 /* Products */ = {
			isa = PBXGroup;
			children = (
				891DCE4D29840D08003EC173 /* Animation_SwiftUI.app */,
			);
			name = Products;
			sourceTree = "<group>";
		};
		891DCE4F29840D08003EC173 /* Animation_SwiftUI */ = {
			isa = PBXGroup;
			children = (
				891DCE5029840D08003EC173 /* Animation_SwiftUIApp.swift */,
				891DCE5229840D08003EC173 /* ContentView.swift */,
				893D75372985D69B00B1EC17 /* SwiftView.swift */,
				891DCE6029841221003EC173 /* MainView.swift */,
				891DCE622985991B003EC173 /* CartRacingView.swift */,
				891DCE642985993A003EC173 /* AwardsView.swift */,
				891DCE6629859974003EC173 /* GradientRectangles.swift */,
				891DCE682985998E003EC173 /* PathView.swift */,
				891DCE6A298599B3003EC173 /* CurvesView.swift */,
				891DCE5429840D08003EC173 /* Assets.xcassets */,
				891DCE5629840D08003EC173 /* Preview Content */,
			);
			path = Animation_SwiftUI;
			sourceTree = "<group>";
		};
		891DCE5629840D08003EC173 /* Preview Content */ = {
			isa = PBXGroup;
			children = (
				891DCE5729840D08003EC173 /* Preview Assets.xcassets */,
			);
			path = "Preview Content";
			sourceTree = "<group>";
		};
/* End PBXGroup section */

/* Begin PBXNativeTarget section */
		891DCE4C29840D08003EC173 /* Animation_SwiftUI */ = {
			isa = PBXNativeTarget;
			buildConfigurationList = 891DCE5B29840D08003EC173 /* Build configuration list for PBXNativeTarget "Animation_SwiftUI" */;
			buildPhases = (
				891DCE4929840D08003EC173 /* Sources */,
				891DCE4A29840D08003EC173 /* Frameworks */,
				891DCE4B29840D08003EC173 /* Resources */,
			);
			buildRules = (
			);
			dependencies = (
			);
			name = Animation_SwiftUI;
			productName = Animation_SwiftUI;
			productReference = 891DCE4D29840D08003EC173 /* Animation_SwiftUI.app */;
			productType = "com.apple.product-type.application";
		};
/* End PBXNativeTarget section */

/* Begin PBXProject section */
		891DCE4529840D08003EC173 /* Project object */ = {
			isa = PBXProject;
			attributes = {
				BuildIndependentTargetsInParallel = 1;
				LastSwiftUpdateCheck = 1400;
				LastUpgradeCheck = 1400;
				TargetAttributes = {
					891DCE4C29840D08003EC173 = {
						CreatedOnToolsVersion = 14.0.1;
					};
				};
			};
			buildConfigurationList = 891DCE4829840D08003EC173 /* Build configuration list for PBXProject "Animation_SwiftUI" */;
			compatibilityVersion = "Xcode 14.0";
			developmentRegion = en;
			hasScannedForEncodings = 0;
			knownRegions = (
				en,
				Base,
			);
			mainGroup = 891DCE4429840D08003EC173;
			productRefGroup = 891DCE4E29840D08003EC173 /* Products */;
			projectDirPath = "";
			projectRoot = "";
			targets = (
				891DCE4C29840D08003EC173 /* Animation_SwiftUI */,
			);
		};
/* End PBXProject section */

/* Begin PBXResourcesBuildPhase section */
		891DCE4B29840D08003EC173 /* Resources */ = {
			isa = PBXResourcesBuildPhase;
			buildActionMask = 2147483647;
			files = (
				891DCE5829840D08003EC173 /* Preview Assets.xcassets in Resources */,
				891DCE5529840D08003EC173 /* Assets.xcassets in Resources */,
			);
			runOnlyForDeploymentPostprocessing = 0;
		};
/* End PBXResourcesBuildPhase section */

/* Begin PBXSourcesBuildPhase section */
		891DCE4929840D08003EC173 /* Sources */ = {
			isa = PBXSourcesBuildPhase;
			buildActionMask = 2147483647;
			files = (
				891DCE632985991B003EC173 /* CartRacingView.swift in Sources */,
				891DCE5329840D08003EC173 /* ContentView.swift in Sources */,
				891DCE652985993A003EC173 /* AwardsView.swift in Sources */,
				891DCE692985998E003EC173 /* PathView.swift in Sources */,
				891DCE6129841221003EC173 /* MainView.swift in Sources */,
				891DCE5129840D08003EC173 /* Animation_SwiftUIApp.swift in Sources */,
				891DCE6B298599B3003EC173 /* CurvesView.swift in Sources */,
				891DCE6729859974003EC173 /* GradientRectangles.swift in Sources */,
				893D75382985D69B00B1EC17 /* SwiftView.swift in Sources */,
			);
			runOnlyForDeploymentPostprocessing = 0;
		};
/* End PBXSourcesBuildPhase section */

/* Begin XCBuildConfiguration section */
		891DCE5929840D08003EC173 /* Debug */ = {
			isa = XCBuildConfiguration;
			buildSettings = {
				ALWAYS_SEARCH_USER_PATHS = NO;
				CLANG_ANALYZER_NONNULL = YES;
				CLANG_ANALYZER_NUMBER_OBJECT_CONVERSION = YES_AGGRESSIVE;
				CLANG_CXX_LANGUAGE_STANDARD = "gnu++20";
				CLANG_ENABLE_MODULES = YES;
				CLANG_ENABLE_OBJC_ARC = YES;
				CLANG_ENABLE_OBJC_WEAK = YES;
				CLANG_WARN_BLOCK_CAPTURE_AUTORELEASING = YES;
				CLANG_WARN_BOOL_CONVERSION = YES;
				CLANG_WARN_COMMA = YES;
				CLANG_WARN_CONSTANT_CONVERSION = YES;
				CLANG_WARN_DEPRECATED_OBJC_IMPLEMENTATIONS = YES;
				CLANG_WARN_DIRECT_OBJC_ISA_USAGE = YES_ERROR;
				CLANG_WARN_DOCUMENTATION_COMMENTS = YES;
				CLANG_WARN_EMPTY_BODY = YES;
				CLANG_WARN_ENUM_CONVERSION = YES;
				CLANG_WARN_INFINITE_RECURSION = YES;
				CLANG_WARN_INT_CONVERSION = YES;
				CLANG_WARN_NON_LITERAL_NULL_CONVERSION = YES;
				CLANG_WARN_OBJC_IMPLICIT_RETAIN_SELF = YES;
				CLANG_WARN_OBJC_LITERAL_CONVERSION = YES;
				CLANG_WARN_OBJC_ROOT_CLASS = YES_ERROR;
				CLANG_WARN_QUOTED_INCLUDE_IN_FRAMEWORK_HEADER = YES;
				CLANG_WARN_RANGE_LOOP_ANALYSIS = YES;
				CLANG_WARN_STRICT_PROTOTYPES = YES;
				CLANG_WARN_SUSPICIOUS_MOVE = YES;
				CLANG_WARN_UNGUARDED_AVAILABILITY = YES_AGGRESSIVE;
				CLANG_WARN_UNREACHABLE_CODE = YES;
				CLANG_WARN__DUPLICATE_METHOD_MATCH = YES;
				COPY_PHASE_STRIP = NO;
				DEBUG_INFORMATION_FORMAT = dwarf;
				ENABLE_STRICT_OBJC_MSGSEND = YES;
				ENABLE_TESTABILITY = YES;
				GCC_C_LANGUAGE_STANDARD = gnu11;
				GCC_DYNAMIC_NO_PIC = NO;
				GCC_NO_COMMON_BLOCKS = YES;
				GCC_OPTIMIZATION_LEVEL = 0;
				GCC_PREPROCESSOR_DEFINITIONS = (
					"DEBUG=1",
					"$(inherited)",
				);
				GCC_WARN_64_TO_32_BIT_CONVERSION = YES;
				GCC_WARN_ABOUT_RETURN_TYPE = YES_ERROR;
				GCC_WARN_UNDECLARED_SELECTOR = YES;
				GCC_WARN_UNINITIALIZED_AUTOS = YES_AGGRESSIVE;
				GCC_WARN_UNUSED_FUNCTION = YES;
				GCC_WARN_UNUSED_VARIABLE = YES;
				IPHONEOS_DEPLOYMENT_TARGET = 16.0;
				MTL_ENABLE_DEBUG_INFO = INCLUDE_SOURCE;
				MTL_FAST_MATH = YES;
				ONLY_ACTIVE_ARCH = YES;
				SDKROOT = iphoneos;
				SWIFT_ACTIVE_COMPILATION_CONDITIONS = DEBUG;
				SWIFT_OPTIMIZATION_LEVEL = "-Onone";
			};
			name = Debug;
		};
		891DCE5A29840D08003EC173 /* Release */ = {
			isa = XCBuildConfiguration;
			buildSettings = {
				ALWAYS_SEARCH_USER_PATHS = NO;
				CLANG_ANALYZER_NONNULL = YES;
				CLANG_ANALYZER_NUMBER_OBJECT_CONVERSION = YES_AGGRESSIVE;
				CLANG_CXX_LANGUAGE_STANDARD = "gnu++20";
				CLANG_ENABLE_MODULES = YES;
				CLANG_ENABLE_OBJC_ARC = YES;
				CLANG_ENABLE_OBJC_WEAK = YES;
				CLANG_WARN_BLOCK_CAPTURE_AUTORELEASING = YES;
				CLANG_WARN_BOOL_CONVERSION = YES;
				CLANG_WARN_COMMA = YES;
				CLANG_WARN_CONSTANT_CONVERSION = YES;
				CLANG_WARN_DEPRECATED_OBJC_IMPLEMENTATIONS = YES;
				CLANG_WARN_DIRECT_OBJC_ISA_USAGE = YES_ERROR;
				CLANG_WARN_DOCUMENTATION_COMMENTS = YES;
				CLANG_WARN_EMPTY_BODY = YES;
				CLANG_WARN_ENUM_CONVERSION = YES;
				CLANG_WARN_INFINITE_RECURSION = YES;
				CLANG_WARN_INT_CONVERSION = YES;
				CLANG_WARN_NON_LITERAL_NULL_CONVERSION = YES;
				CLANG_WARN_OBJC_IMPLICIT_RETAIN_SELF = YES;
				CLANG_WARN_OBJC_LITERAL_CONVERSION = YES;
				CLANG_WARN_OBJC_ROOT_CLASS = YES_ERROR;
				CLANG_WARN_QUOTED_INCLUDE_IN_FRAMEWORK_HEADER = YES;
				CLANG_WARN_RANGE_LOOP_ANALYSIS = YES;
				CLANG_WARN_STRICT_PROTOTYPES = YES;
				CLANG_WARN_SUSPICIOUS_MOVE = YES;
				CLANG_WARN_UNGUARDED_AVAILABILITY = YES_AGGRESSIVE;
				CLANG_WARN_UNREACHABLE_CODE = YES;
				CLANG_WARN__DUPLICATE_METHOD_MATCH = YES;
				COPY_PHASE_STRIP = NO;
				DEBUG_INFORMATION_FORMAT = "dwarf-with-dsym";
				ENABLE_NS_ASSERTIONS = NO;
				ENABLE_STRICT_OBJC_MSGSEND = YES;
				GCC_C_LANGUAGE_STANDARD = gnu11;
				GCC_NO_COMMON_BLOCKS = YES;
				GCC_WARN_64_TO_32_BIT_CONVERSION = YES;
				GCC_WARN_ABOUT_RETURN_TYPE = YES_ERROR;
				GCC_WARN_UNDECLARED_SELECTOR = YES;
				GCC_WARN_UNINITIALIZED_AUTOS = YES_AGGRESSIVE;
				GCC_WARN_UNUSED_FUNCTION = YES;
				GCC_WARN_UNUSED_VARIABLE = YES;
				IPHONEOS_DEPLOYMENT_TARGET = 16.0;
				MTL_ENABLE_DEBUG_INFO = NO;
				MTL_FAST_MATH = YES;
				SDKROOT = iphoneos;
				SWIFT_COMPILATION_MODE = wholemodule;
				SWIFT_OPTIMIZATION_LEVEL = "-O";
				VALIDATE_PRODUCT = YES;
			};
			name = Release;
		};
		891DCE5C29840D08003EC173 /* Debug */ = {
			isa = XCBuildConfiguration;
			buildSettings = {
				ASSETCATALOG_COMPILER_APPICON_NAME = AppIcon;
				ASSETCATALOG_COMPILER_GLOBAL_ACCENT_COLOR_NAME = AccentColor;
				CODE_SIGN_STYLE = Automatic;
				CURRENT_PROJECT_VERSION = 1;
				DEVELOPMENT_ASSET_PATHS = "\"Animation_SwiftUI/Preview Content\"";
				DEVELOPMENT_TEAM = Q3MFB2HYJJ;
				ENABLE_PREVIEWS = YES;
				GENERATE_INFOPLIST_FILE = YES;
				INFOPLIST_KEY_UIApplicationSceneManifest_Generation = YES;
				INFOPLIST_KEY_UIApplicationSupportsIndirectInputEvents = YES;
				INFOPLIST_KEY_UILaunchScreen_Generation = YES;
				INFOPLIST_KEY_UISupportedInterfaceOrientations_iPad = "UIInterfaceOrientationPortrait UIInterfaceOrientationPortraitUpsideDown UIInterfaceOrientationLandscapeLeft UIInterfaceOrientationLandscapeRight";
				INFOPLIST_KEY_UISupportedInterfaceOrientations_iPhone = "UIInterfaceOrientationPortrait UIInterfaceOrientationLandscapeLeft UIInterfaceOrientationLandscapeRight";
				LD_RUNPATH_SEARCH_PATHS = (
					"$(inherited)",
					"@executable_path/Frameworks",
				);
				MARKETING_VERSION = 1.0;
				PRODUCT_BUNDLE_IDENTIFIER = "grizzlyq.Animation-SwiftUI";
				PRODUCT_NAME = "$(TARGET_NAME)";
				SWIFT_EMIT_LOC_STRINGS = YES;
				SWIFT_VERSION = 5.0;
				TARGETED_DEVICE_FAMILY = "1,2";
			};
			name = Debug;
		};
		891DCE5D29840D08003EC173 /* Release */ = {
			isa = XCBuildConfiguration;
			buildSettings = {
				ASSETCATALOG_COMPILER_APPICON_NAME = AppIcon;
				ASSETCATALOG_COMPILER_GLOBAL_ACCENT_COLOR_NAME = AccentColor;
				CODE_SIGN_STYLE = Automatic;
				CURRENT_PROJECT_VERSION = 1;
				DEVELOPMENT_ASSET_PATHS = "\"Animation_SwiftUI/Preview Content\"";
				DEVELOPMENT_TEAM = Q3MFB2HYJJ;
				ENABLE_PREVIEWS = YES;
				GENERATE_INFOPLIST_FILE = YES;
				INFOPLIST_KEY_UIApplicationSceneManifest_Generation = YES;
				INFOPLIST_KEY_UIApplicationSupportsIndirectInputEvents = YES;
				INFOPLIST_KEY_UILaunchScreen_Generation = YES;
				INFOPLIST_KEY_UISupportedInterfaceOrientations_iPad = "UIInterfaceOrientationPortrait UIInterfaceOrientationPortraitUpsideDown UIInterfaceOrientationLandscapeLeft UIInterfaceOrientationLandscapeRight";
				INFOPLIST_KEY_UISupportedInterfaceOrientations_iPhone = "UIInterfaceOrientationPortrait UIInterfaceOrientationLandscapeLeft UIInterfaceOrientationLandscapeRight";
				LD_RUNPATH_SEARCH_PATHS = (
					"$(inherited)",
					"@executable_path/Frameworks",
				);
				MARKETING_VERSION = 1.0;
				PRODUCT_BUNDLE_IDENTIFIER = "grizzlyq.Animation-SwiftUI";
				PRODUCT_NAME = "$(TARGET_NAME)";
				SWIFT_EMIT_LOC_STRINGS = YES;
				SWIFT_VERSION = 5.0;
				TARGETED_DEVICE_FAMILY = "1,2";
			};
			name = Release;
		};
/* End XCBuildConfiguration section */

/* Begin XCConfigurationList section */
		891DCE4829840D08003EC173 /* Build configuration list for PBXProject "Animation_SwiftUI" */ = {
			isa = XCConfigurationList;
			buildConfigurations = (
				891DCE5929840D08003EC173 /* Debug */,
				891DCE5A29840D08003EC173 /* Release */,
			);
			defaultConfigurationIsVisible = 0;
			defaultConfigurationName = Release;
		};
		891DCE5B29840D08003EC173 /* Build configuration list for PBXNativeTarget "Animation_SwiftUI" */ = {
			isa = XCConfigurationList;
			buildConfigurations = (
				891DCE5C29840D08003EC173 /* Debug */,
				891DCE5D29840D08003EC173 /* Release */,
			);
			defaultConfigurationIsVisible = 0;
			defaultConfigurationName = Release;
		};
/* End XCConfigurationList section */
	};
	rootObject = 891DCE4529840D08003EC173 /* Project object */;
}
